
Microsoft Visual Studio Solution File, Format Version 12.00
# Visual Studio Version 16
VisualStudioVersion = 16.0.31624.102
MinimumVisualStudioVersion = 10.0.40219.1
Project("{FAE04EC0-301F-11D3-BF4B-00C04F79EFBC}") = "Steg Lab 2", "Steg Lab 1\Steg Lab 2.csproj", "{8778694E-3A3C-49B7-AE37-EDB540894F9F}"
EndProject
Global
	GlobalSection(SolutionConfigurationPlatforms) = preSolution
		Debug|Any CPU = Debug|Any CPU
		Release|Any CPU = Release|Any CPU
	EndGlobalSection
	GlobalSection(ProjectConfigurationPlatforms) = postSolution
		{8778694E-3A3C-49B7-AE37-EDB540894F9F}.Debug|Any CPU.ActiveCfg = Debug|Any CPU
		{8778694E-3A3C-49B7-AE37-EDB540894F9F}.Debug|Any CPU.Build.0 = Debug|Any CPU
		{8778694E-3A3C-49B7-AE37-EDB540894F9F}.Release|Any CPU.ActiveCfg = Release|Any CPU
		{8778694E-3A3C-49B7-AE37-EDB540894F9F}.Release|Any CPU.Build.0 = Release|Any CPU
	EndGlobalSection
	GlobalSection(SolutionProperties) = preSolution
		HideSolutionNode = FALSE
	EndGlobalSection
	GlobalSection(ExtensibilityGlobals) = postSolution
		SolutionGuid = {F5DD3EF4-0FE3-4577-829B-61C26432ECCF}
	EndGlobalSection
EndGlobal
